
Microsoft Visual Studio Solution File, Format Version 12.00
# Visual Studio 15
Project("{FAE04EC0-301F-11D3-BF4B-00C04F79EFBC}") = "Assembly-CSharp", "Assembly-CSharp.csproj", "{F71FBDEF-70C4-942F-5C0E-41F03B840910}"
EndProject
Global
	GlobalSection(SolutionConfigurationPlatforms) = preSolution
		Debug|Any CPU = Debug|Any CPU
		Release|Any CPU = Release|Any CPU
	EndGlobalSection
	GlobalSection(ProjectConfigurationPlatforms) = postSolution
		{F71FBDEF-70C4-942F-5C0E-41F03B840910}.Debug|Any CPU.ActiveCfg = Debug|Any CPU
		{F71FBDEF-70C4-942F-5C0E-41F03B840910}.Debug|Any CPU.Build.0 = Debug|Any CPU
		{F71FBDEF-70C4-942F-5C0E-41F03B840910}.Release|Any CPU.ActiveCfg = Release|Any CPU
		{F71FBDEF-70C4-942F-5C0E-41F03B840910}.Release|Any CPU.Build.0 = Release|Any CPU
	EndGlobalSection
	GlobalSection(SolutionProperties) = preSolution
		HideSolutionNode = FALSE
	EndGlobalSection
EndGlobal
